
Microsoft Visual Studio Solution File, Format Version 12.00
# Visual Studio 2017
Project("{FAE04EC0-301F-11D3-BF4B-00C04F79EFBC}") = "HuliMetrics", "HuliMetrics.csproj", "{DD72CB0A-2E9F-417B-92B5-0F56F03073FB}"
EndProject
Global
	GlobalSection(SolutionConfigurationPlatforms) = preSolution
		Debug|Any CPU = Debug|Any CPU
		Release|Any CPU = Release|Any CPU
	EndGlobalSection
	GlobalSection(ProjectConfigurationPlatforms) = postSolution
		{DD72CB0A-2E9F-417B-92B5-0F56F03073FB}.Debug|Any CPU.ActiveCfg = Debug|Any CPU
		{DD72CB0A-2E9F-417B-92B5-0F56F03073FB}.Debug|Any CPU.Build.0 = Debug|Any CPU
		{DD72CB0A-2E9F-417B-92B5-0F56F03073FB}.Release|Any CPU.ActiveCfg = Release|Any CPU
		{DD72CB0A-2E9F-417B-92B5-0F56F03073FB}.Release|Any CPU.Build.0 = Release|Any CPU
	EndGlobalSection
EndGlobal
